
Microsoft Visual Studio Solution File, Format Version 12.00
# Visual Studio Version 16
VisualStudioVersion = 16.0.31702.278
MinimumVisualStudioVersion = 10.0.40219.1
Project("{9A19103F-16F7-4668-BE54-9A1E7A4F7556}") = "Portfolio", "Portfolio\Portfolio.csproj", "{D5E497F5-50F3-4E1E-8B2D-9D061583A7B9}"
EndProject
Global
	GlobalSection(SolutionConfigurationPlatforms) = preSolution
		Debug|Any CPU = Debug|Any CPU
		Release|Any CPU = Release|Any CPU
	EndGlobalSection
	GlobalSection(ProjectConfigurationPlatforms) = postSolution
		{D5E497F5-50F3-4E1E-8B2D-9D061583A7B9}.Debug|Any CPU.ActiveCfg = Debug|Any CPU
		{D5E497F5-50F3-4E1E-8B2D-9D061583A7B9}.Debug|Any CPU.Build.0 = Debug|Any CPU
		{D5E497F5-50F3-4E1E-8B2D-9D061583A7B9}.Release|Any CPU.ActiveCfg = Release|Any CPU
		{D5E497F5-50F3-4E1E-8B2D-9D061583A7B9}.Release|Any CPU.Build.0 = Release|Any CPU
	EndGlobalSection
	GlobalSection(SolutionProperties) = preSolution
		HideSolutionNode = FALSE
	EndGlobalSection
	GlobalSection(ExtensibilityGlobals) = postSolution
		SolutionGuid = {08A5EF70-38F7-47BA-B2EE-AE902FD46195}
	EndGlobalSection
EndGlobal
